
Microsoft Visual Studio Solution File, Format Version 12.00
# Visual Studio 14
VisualStudioVersion = 14.0.24720.0
MinimumVisualStudioVersion = 10.0.40219.1
Project("{FAE04EC0-301F-11D3-BF4B-00C04F79EFBC}") = "Newtalking_DAL_Data", "Newtalking_DAL_Data\Newtalking_DAL_Data.csproj", "{0B3C6361-56F6-441C-B44B-CAD5C3227294}"
EndProject
Project("{FAE04EC0-301F-11D3-BF4B-00C04F79EFBC}") = "Model", "Model\Model.csproj", "{E68DCA14-25E4-4240-9540-C7F9466CB1EB}"
EndProject
Project("{FAE04EC0-301F-11D3-BF4B-00C04F79EFBC}") = "Newtalking_DAL_Server", "Newtalking_DAL_Server\Newtalking_DAL_Server.csproj", "{71FE2148-2F50-4B4B-9A8E-3288F136D7A0}"
EndProject
Project("{FAE04EC0-301F-11D3-BF4B-00C04F79EFBC}") = "Newtalking_BLL_Server", "Newtalking_BLL_Server\Newtalking_BLL_Server.csproj", "{E0E4E6D0-0E15-4530-BE3E-394F7004B4EE}"
EndProject
Project("{FAE04EC0-301F-11D3-BF4B-00C04F79EFBC}") = "Newtalking_Service", "Newtalking_Service\Newtalking_Service.csproj", "{FBCD4430-FEA8-40DA-9745-A1CB38511D4B}"
EndProject
Project("{FAE04EC0-301F-11D3-BF4B-00C04F79EFBC}") = "Data", "Data\Data.csproj", "{4595DA78-C72B-484B-9C40-388719479F7E}"
EndProject
Project("{FAE04EC0-301F-11D3-BF4B-00C04F79EFBC}") = "Server_Properties", "Server_Properties\Server_Properties.csproj", "{65121AC6-7905-461D-AEF5-0F2CF0ECECF6}"
EndProject
Project("{FAE04EC0-301F-11D3-BF4B-00C04F79EFBC}") = "NewTalking_Server", "NewTalking_Server\NewTalking_Server.csproj", "{1090774F-DE06-4EA7-9743-A94874EB60AE}"
EndProject
Project("{2150E333-8FDC-42A3-9474-1A3956D46DE8}") = "NewTalking_DATA", "NewTalking_DATA", "{C15431EA-1384-402B-A80D-99FDA2D723F6}"
EndProject
Project("{2150E333-8FDC-42A3-9474-1A3956D46DE8}") = "Data_Analysis", "Data_Analysis", "{23AE4245-DC4C-4168-9C60-6E6231C59151}"
EndProject
Project("{2150E333-8FDC-42A3-9474-1A3956D46DE8}") = "BLL_Analysis", "BLL_Analysis", "{A729D85C-F071-43B9-A30F-35B2A4B8133B}"
EndProject
Project("{FAE04EC0-301F-11D3-BF4B-00C04F79EFBC}") = "File_DAL", "Flie_DAL\File_DAL.csproj", "{A2B5D4F6-83BD-4BDC-AA69-BEE5384B07FF}"
EndProject
Global
	GlobalSection(SolutionConfigurationPlatforms) = preSolution
		Debug|Any CPU = Debug|Any CPU
		Release|Any CPU = Release|Any CPU
	EndGlobalSection
	GlobalSection(ProjectConfigurationPlatforms) = postSolution
		{0B3C6361-56F6-441C-B44B-CAD5C3227294}.Debug|Any CPU.ActiveCfg = Debug|Any CPU
		{0B3C6361-56F6-441C-B44B-CAD5C3227294}.Debug|Any CPU.Build.0 = Debug|Any CPU
		{0B3C6361-56F6-441C-B44B-CAD5C3227294}.Release|Any CPU.ActiveCfg = Release|Any CPU
		{0B3C6361-56F6-441C-B44B-CAD5C3227294}.Release|Any CPU.Build.0 = Release|Any CPU
		{E68DCA14-25E4-4240-9540-C7F9466CB1EB}.Debug|Any CPU.ActiveCfg = Debug|Any CPU
		{E68DCA14-25E4-4240-9540-C7F9466CB1EB}.Debug|Any CPU.Build.0 = Debug|Any CPU
		{E68DCA14-25E4-4240-9540-C7F9466CB1EB}.Release|Any CPU.ActiveCfg = Release|Any CPU
		{E68DCA14-25E4-4240-9540-C7F9466CB1EB}.Release|Any CPU.Build.0 = Release|Any CPU
		{71FE2148-2F50-4B4B-9A8E-3288F136D7A0}.Debug|Any CPU.ActiveCfg = Debug|Any CPU
		{71FE2148-2F50-4B4B-9A8E-3288F136D7A0}.Debug|Any CPU.Build.0 = Debug|Any CPU
		{71FE2148-2F50-4B4B-9A8E-3288F136D7A0}.Release|Any CPU.ActiveCfg = Release|Any CPU
		{71FE2148-2F50-4B4B-9A8E-3288F136D7A0}.Release|Any CPU.Build.0 = Release|Any CPU
		{E0E4E6D0-0E15-4530-BE3E-394F7004B4EE}.Debug|Any CPU.ActiveCfg = Debug|Any CPU
		{E0E4E6D0-0E15-4530-BE3E-394F7004B4EE}.Debug|Any CPU.Build.0 = Debug|Any CPU
		{E0E4E6D0-0E15-4530-BE3E-394F7004B4EE}.Release|Any CPU.ActiveCfg = Release|Any CPU
		{E0E4E6D0-0E15-4530-BE3E-394F7004B4EE}.Release|Any CPU.Build.0 = Release|Any CPU
		{FBCD4430-FEA8-40DA-9745-A1CB38511D4B}.Debug|Any CPU.ActiveCfg = Debug|Any CPU
		{FBCD4430-FEA8-40DA-9745-A1CB38511D4B}.Debug|Any CPU.Build.0 = Debug|Any CPU
		{FBCD4430-FEA8-40DA-9745-A1CB38511D4B}.Release|Any CPU.ActiveCfg = Release|Any CPU
		{FBCD4430-FEA8-40DA-9745-A1CB38511D4B}.Release|Any CPU.Build.0 = Release|Any CPU
		{4595DA78-C72B-484B-9C40-388719479F7E}.Debug|Any CPU.ActiveCfg = Debug|Any CPU
		{4595DA78-C72B-484B-9C40-388719479F7E}.Debug|Any CPU.Build.0 = Debug|Any CPU
		{4595DA78-C72B-484B-9C40-388719479F7E}.Release|Any CPU.ActiveCfg = Release|Any CPU
		{4595DA78-C72B-484B-9C40-388719479F7E}.Release|Any CPU.Build.0 = Release|Any CPU
		{65121AC6-7905-461D-AEF5-0F2CF0ECECF6}.Debug|Any CPU.ActiveCfg = Debug|Any CPU
		{65121AC6-7905-461D-AEF5-0F2CF0ECECF6}.Debug|Any CPU.Build.0 = Debug|Any CPU
		{65121AC6-7905-461D-AEF5-0F2CF0ECECF6}.Release|Any CPU.ActiveCfg = Release|Any CPU
		{65121AC6-7905-461D-AEF5-0F2CF0ECECF6}.Release|Any CPU.Build.0 = Release|Any CPU
		{1090774F-DE06-4EA7-9743-A94874EB60AE}.Debug|Any CPU.ActiveCfg = Debug|Any CPU
		{1090774F-DE06-4EA7-9743-A94874EB60AE}.Debug|Any CPU.Build.0 = Debug|Any CPU
		{1090774F-DE06-4EA7-9743-A94874EB60AE}.Release|Any CPU.ActiveCfg = Release|Any CPU
		{1090774F-DE06-4EA7-9743-A94874EB60AE}.Release|Any CPU.Build.0 = Release|Any CPU
		{A2B5D4F6-83BD-4BDC-AA69-BEE5384B07FF}.Debug|Any CPU.ActiveCfg = Debug|Any CPU
		{A2B5D4F6-83BD-4BDC-AA69-BEE5384B07FF}.Debug|Any CPU.Build.0 = Debug|Any CPU
		{A2B5D4F6-83BD-4BDC-AA69-BEE5384B07FF}.Release|Any CPU.ActiveCfg = Release|Any CPU
		{A2B5D4F6-83BD-4BDC-AA69-BEE5384B07FF}.Release|Any CPU.Build.0 = Release|Any CPU
	EndGlobalSection
	GlobalSection(SolutionProperties) = preSolution
		HideSolutionNode = FALSE
	EndGlobalSection
	GlobalSection(NestedProjects) = preSolution
		{0B3C6361-56F6-441C-B44B-CAD5C3227294} = {23AE4245-DC4C-4168-9C60-6E6231C59151}
		{E68DCA14-25E4-4240-9540-C7F9466CB1EB} = {C15431EA-1384-402B-A80D-99FDA2D723F6}
		{71FE2148-2F50-4B4B-9A8E-3288F136D7A0} = {23AE4245-DC4C-4168-9C60-6E6231C59151}
		{E0E4E6D0-0E15-4530-BE3E-394F7004B4EE} = {A729D85C-F071-43B9-A30F-35B2A4B8133B}
		{FBCD4430-FEA8-40DA-9745-A1CB38511D4B} = {A729D85C-F071-43B9-A30F-35B2A4B8133B}
		{4595DA78-C72B-484B-9C40-388719479F7E} = {C15431EA-1384-402B-A80D-99FDA2D723F6}
		{65121AC6-7905-461D-AEF5-0F2CF0ECECF6} = {C15431EA-1384-402B-A80D-99FDA2D723F6}
		{A2B5D4F6-83BD-4BDC-AA69-BEE5384B07FF} = {23AE4245-DC4C-4168-9C60-6E6231C59151}
	EndGlobalSection
EndGlobal
